
Microsoft Visual Studio Solution File, Format Version 12.00
# Visual Studio 15
VisualStudioVersion = 15.0.27130.2036
MinimumVisualStudioVersion = 10.0.40219.1
Project("{FAE04EC0-301F-11D3-BF4B-00C04F79EFBC}") = "PrimaryWebApp", "PrimaryWebApp\PrimaryWebApp.csproj", "{53016F0B-0DA6-481A-85E8-D0C2E7CD5F5B}"
EndProject
Global
	GlobalSection(SolutionConfigurationPlatforms) = preSolution
		Debug|Any CPU = Debug|Any CPU
		Release|Any CPU = Release|Any CPU
	EndGlobalSection
	GlobalSection(ProjectConfigurationPlatforms) = postSolution
		{53016F0B-0DA6-481A-85E8-D0C2E7CD5F5B}.Debug|Any CPU.ActiveCfg = Debug|Any CPU
		{53016F0B-0DA6-481A-85E8-D0C2E7CD5F5B}.Debug|Any CPU.Build.0 = Debug|Any CPU
		{53016F0B-0DA6-481A-85E8-D0C2E7CD5F5B}.Release|Any CPU.ActiveCfg = Release|Any CPU
		{53016F0B-0DA6-481A-85E8-D0C2E7CD5F5B}.Release|Any CPU.Build.0 = Release|Any CPU
	EndGlobalSection
	GlobalSection(SolutionProperties) = preSolution
		HideSolutionNode = FALSE
	EndGlobalSection
	GlobalSection(ExtensibilityGlobals) = postSolution
		SolutionGuid = {ED629597-E2E4-4480-91B5-E955E44F1FD6}
	EndGlobalSection
EndGlobal
