
Microsoft Visual Studio Solution File, Format Version 12.00
# Visual Studio 15
VisualStudioVersion = 15.0.27130.2036
MinimumVisualStudioVersion = 10.0.40219.1
Project("{FAE04EC0-301F-11D3-BF4B-00C04F79EFBC}") = "SecondaryWebApp", "SecondaryWebApp\SecondaryWebApp.csproj", "{F1137986-0901-44EB-AF00-F9C00B5C5943}"
EndProject
Global
	GlobalSection(SolutionConfigurationPlatforms) = preSolution
		Debug|Any CPU = Debug|Any CPU
		Release|Any CPU = Release|Any CPU
	EndGlobalSection
	GlobalSection(ProjectConfigurationPlatforms) = postSolution
		{F1137986-0901-44EB-AF00-F9C00B5C5943}.Debug|Any CPU.ActiveCfg = Debug|Any CPU
		{F1137986-0901-44EB-AF00-F9C00B5C5943}.Debug|Any CPU.Build.0 = Debug|Any CPU
		{F1137986-0901-44EB-AF00-F9C00B5C5943}.Release|Any CPU.ActiveCfg = Release|Any CPU
		{F1137986-0901-44EB-AF00-F9C00B5C5943}.Release|Any CPU.Build.0 = Release|Any CPU
	EndGlobalSection
	GlobalSection(SolutionProperties) = preSolution
		HideSolutionNode = FALSE
	EndGlobalSection
	GlobalSection(ExtensibilityGlobals) = postSolution
		SolutionGuid = {7D0A0E56-C0FA-4F94-B2C3-A3D5C392038C}
	EndGlobalSection
EndGlobal
